
Microsoft Visual Studio Solution File, Format Version 12.00
# Visual Studio Version 17
VisualStudioVersion = 17.5.33414.496
MinimumVisualStudioVersion = 10.0.40219.1
Project("{FAE04EC0-301F-11D3-BF4B-00C04F79EFBC}") = "Employee", "Employee\Employee.csproj", "{9AC46D01-FEDE-4021-815A-7C0A48003AA8}"
EndProject
Global
	GlobalSection(SolutionConfigurationPlatforms) = preSolution
		Debug|Any CPU = Debug|Any CPU
		Release|Any CPU = Release|Any CPU
	EndGlobalSection
	GlobalSection(ProjectConfigurationPlatforms) = postSolution
		{9AC46D01-FEDE-4021-815A-7C0A48003AA8}.Debug|Any CPU.ActiveCfg = Debug|Any CPU
		{9AC46D01-FEDE-4021-815A-7C0A48003AA8}.Debug|Any CPU.Build.0 = Debug|Any CPU
		{9AC46D01-FEDE-4021-815A-7C0A48003AA8}.Release|Any CPU.ActiveCfg = Release|Any CPU
		{9AC46D01-FEDE-4021-815A-7C0A48003AA8}.Release|Any CPU.Build.0 = Release|Any CPU
	EndGlobalSection
	GlobalSection(SolutionProperties) = preSolution
		HideSolutionNode = FALSE
	EndGlobalSection
	GlobalSection(ExtensibilityGlobals) = postSolution
		SolutionGuid = {F973E83A-4438-4BC8-87B6-804EDD9E1A71}
	EndGlobalSection
EndGlobal
