
Microsoft Visual Studio Solution File, Format Version 12.00
# Visual Studio Version 17
VisualStudioVersion = 17.5.33530.505
MinimumVisualStudioVersion = 10.0.40219.1
Project("{FAE04EC0-301F-11D3-BF4B-00C04F79EFBC}") = "UnitTsting", "UnitTsting\UnitTsting.csproj", "{B9E273E9-4B9A-40BC-913A-F7AD44835920}"
EndProject
Project("{FAE04EC0-301F-11D3-BF4B-00C04F79EFBC}") = "PersonTester", "PersonTester\PersonTester.csproj", "{7C7D72D0-2588-4653-A2A3-F17851788F38}"
EndProject
Global
	GlobalSection(SolutionConfigurationPlatforms) = preSolution
		Debug|Any CPU = Debug|Any CPU
		Release|Any CPU = Release|Any CPU
	EndGlobalSection
	GlobalSection(ProjectConfigurationPlatforms) = postSolution
		{B9E273E9-4B9A-40BC-913A-F7AD44835920}.Debug|Any CPU.ActiveCfg = Debug|Any CPU
		{B9E273E9-4B9A-40BC-913A-F7AD44835920}.Debug|Any CPU.Build.0 = Debug|Any CPU
		{B9E273E9-4B9A-40BC-913A-F7AD44835920}.Release|Any CPU.ActiveCfg = Release|Any CPU
		{B9E273E9-4B9A-40BC-913A-F7AD44835920}.Release|Any CPU.Build.0 = Release|Any CPU
		{7C7D72D0-2588-4653-A2A3-F17851788F38}.Debug|Any CPU.ActiveCfg = Debug|Any CPU
		{7C7D72D0-2588-4653-A2A3-F17851788F38}.Debug|Any CPU.Build.0 = Debug|Any CPU
		{7C7D72D0-2588-4653-A2A3-F17851788F38}.Release|Any CPU.ActiveCfg = Release|Any CPU
		{7C7D72D0-2588-4653-A2A3-F17851788F38}.Release|Any CPU.Build.0 = Release|Any CPU
	EndGlobalSection
	GlobalSection(SolutionProperties) = preSolution
		HideSolutionNode = FALSE
	EndGlobalSection
	GlobalSection(ExtensibilityGlobals) = postSolution
		SolutionGuid = {4C16B07D-6317-4B95-8DC9-1673DED8EA28}
	EndGlobalSection
EndGlobal
