
Microsoft Visual Studio Solution File, Format Version 12.00
# Visual Studio Version 17
VisualStudioVersion = 17.5.33414.496
MinimumVisualStudioVersion = 10.0.40219.1
Project("{FAE04EC0-301F-11D3-BF4B-00C04F79EFBC}") = "ObjectOriented", "ObjectOriented.csproj", "{4AC09A0F-DCE1-4E48-92B3-7240D6926C52}"
EndProject
Global
	GlobalSection(SolutionConfigurationPlatforms) = preSolution
		Debug|Any CPU = Debug|Any CPU
		Release|Any CPU = Release|Any CPU
	EndGlobalSection
	GlobalSection(ProjectConfigurationPlatforms) = postSolution
		{4AC09A0F-DCE1-4E48-92B3-7240D6926C52}.Debug|Any CPU.ActiveCfg = Debug|Any CPU
		{4AC09A0F-DCE1-4E48-92B3-7240D6926C52}.Debug|Any CPU.Build.0 = Debug|Any CPU
		{4AC09A0F-DCE1-4E48-92B3-7240D6926C52}.Release|Any CPU.ActiveCfg = Release|Any CPU
		{4AC09A0F-DCE1-4E48-92B3-7240D6926C52}.Release|Any CPU.Build.0 = Release|Any CPU
	EndGlobalSection
	GlobalSection(SolutionProperties) = preSolution
		HideSolutionNode = FALSE
	EndGlobalSection
	GlobalSection(ExtensibilityGlobals) = postSolution
		SolutionGuid = {833D4986-14B3-4709-90D6-BE6D1FE5A365}
	EndGlobalSection
EndGlobal
