
Microsoft Visual Studio Solution File, Format Version 12.00
# Visual Studio Version 17
VisualStudioVersion = 17.5.33530.505
MinimumVisualStudioVersion = 10.0.40219.1
Project("{FAE04EC0-301F-11D3-BF4B-00C04F79EFBC}") = "EventsExcercise", "EventsExcercise\EventsExcercise.csproj", "{9ECEDADA-6750-4766-BB12-D6586D1E8CEA}"
EndProject
Global
	GlobalSection(SolutionConfigurationPlatforms) = preSolution
		Debug|Any CPU = Debug|Any CPU
		Release|Any CPU = Release|Any CPU
	EndGlobalSection
	GlobalSection(ProjectConfigurationPlatforms) = postSolution
		{9ECEDADA-6750-4766-BB12-D6586D1E8CEA}.Debug|Any CPU.ActiveCfg = Debug|Any CPU
		{9ECEDADA-6750-4766-BB12-D6586D1E8CEA}.Debug|Any CPU.Build.0 = Debug|Any CPU
		{9ECEDADA-6750-4766-BB12-D6586D1E8CEA}.Release|Any CPU.ActiveCfg = Release|Any CPU
		{9ECEDADA-6750-4766-BB12-D6586D1E8CEA}.Release|Any CPU.Build.0 = Release|Any CPU
	EndGlobalSection
	GlobalSection(SolutionProperties) = preSolution
		HideSolutionNode = FALSE
	EndGlobalSection
	GlobalSection(ExtensibilityGlobals) = postSolution
		SolutionGuid = {75D8AA1E-F1E1-4037-AF00-F455B91B9E09}
	EndGlobalSection
EndGlobal
