
Microsoft Visual Studio Solution File, Format Version 12.00
# Visual Studio Version 17
VisualStudioVersion = 17.5.33414.496
MinimumVisualStudioVersion = 10.0.40219.1
Project("{FAE04EC0-301F-11D3-BF4B-00C04F79EFBC}") = "EmployeeDetails", "EmployeeDetails.csproj", "{02A61D8F-4390-47B4-8E6E-C2A152D11D74}"
EndProject
Global
	GlobalSection(SolutionConfigurationPlatforms) = preSolution
		Debug|Any CPU = Debug|Any CPU
		Release|Any CPU = Release|Any CPU
	EndGlobalSection
	GlobalSection(ProjectConfigurationPlatforms) = postSolution
		{02A61D8F-4390-47B4-8E6E-C2A152D11D74}.Debug|Any CPU.ActiveCfg = Debug|Any CPU
		{02A61D8F-4390-47B4-8E6E-C2A152D11D74}.Debug|Any CPU.Build.0 = Debug|Any CPU
		{02A61D8F-4390-47B4-8E6E-C2A152D11D74}.Release|Any CPU.ActiveCfg = Release|Any CPU
		{02A61D8F-4390-47B4-8E6E-C2A152D11D74}.Release|Any CPU.Build.0 = Release|Any CPU
	EndGlobalSection
	GlobalSection(SolutionProperties) = preSolution
		HideSolutionNode = FALSE
	EndGlobalSection
	GlobalSection(ExtensibilityGlobals) = postSolution
		SolutionGuid = {FC9A126F-35DD-4105-86E8-23FA275234C2}
	EndGlobalSection
EndGlobal
