
Microsoft Visual Studio Solution File, Format Version 12.00
# Visual Studio Version 17
VisualStudioVersion = 17.5.33530.505
MinimumVisualStudioVersion = 10.0.40219.1
Project("{FAE04EC0-301F-11D3-BF4B-00C04F79EFBC}") = "UsingDelegates2", "UsingDelegates2\UsingDelegates2.csproj", "{8C0AED7D-C9FA-4CC9-9120-D5BF1EF6FDB5}"
EndProject
Global
	GlobalSection(SolutionConfigurationPlatforms) = preSolution
		Debug|Any CPU = Debug|Any CPU
		Release|Any CPU = Release|Any CPU
	EndGlobalSection
	GlobalSection(ProjectConfigurationPlatforms) = postSolution
		{8C0AED7D-C9FA-4CC9-9120-D5BF1EF6FDB5}.Debug|Any CPU.ActiveCfg = Debug|Any CPU
		{8C0AED7D-C9FA-4CC9-9120-D5BF1EF6FDB5}.Debug|Any CPU.Build.0 = Debug|Any CPU
		{8C0AED7D-C9FA-4CC9-9120-D5BF1EF6FDB5}.Release|Any CPU.ActiveCfg = Release|Any CPU
		{8C0AED7D-C9FA-4CC9-9120-D5BF1EF6FDB5}.Release|Any CPU.Build.0 = Release|Any CPU
	EndGlobalSection
	GlobalSection(SolutionProperties) = preSolution
		HideSolutionNode = FALSE
	EndGlobalSection
	GlobalSection(ExtensibilityGlobals) = postSolution
		SolutionGuid = {482BD261-6039-4CC4-94A1-EB1DFE1B2E0E}
	EndGlobalSection
EndGlobal
